
Microsoft Visual Studio Solution File, Format Version 12.00
# Visual Studio Version 16
VisualStudioVersion = 16.0.30907.101
MinimumVisualStudioVersion = 10.0.40219.1
Project("{FAE04EC0-301F-11D3-BF4B-00C04F79EFBC}") = "IPKM2005", "IPKM2005.csproj", "{5663CBA2-CB89-4E2C-91FF-685A9C8BECE0}"
EndProject
Global
	GlobalSection(SolutionConfigurationPlatforms) = preSolution
		Debug|Any CPU = Debug|Any CPU
		Release|Any CPU = Release|Any CPU
	EndGlobalSection
	GlobalSection(ProjectConfigurationPlatforms) = postSolution
		{5663CBA2-CB89-4E2C-91FF-685A9C8BECE0}.Debug|Any CPU.ActiveCfg = Debug|Any CPU
		{5663CBA2-CB89-4E2C-91FF-685A9C8BECE0}.Debug|Any CPU.Build.0 = Debug|Any CPU
		{5663CBA2-CB89-4E2C-91FF-685A9C8BECE0}.Release|Any CPU.ActiveCfg = Release|Any CPU
		{5663CBA2-CB89-4E2C-91FF-685A9C8BECE0}.Release|Any CPU.Build.0 = Release|Any CPU
	EndGlobalSection
	GlobalSection(SolutionProperties) = preSolution
		HideSolutionNode = FALSE
	EndGlobalSection
	GlobalSection(ExtensibilityGlobals) = postSolution
		SolutionGuid = {0126D3A1-8F34-40BA-B1D4-0BE4B919CB94}
	EndGlobalSection
EndGlobal
