
Microsoft Visual Studio Solution File, Format Version 12.00
# Visual Studio Version 16
VisualStudioVersion = 16.0.29709.97
MinimumVisualStudioVersion = 10.0.40219.1
Project("{FAE04EC0-301F-11D3-BF4B-00C04F79EFBC}") = "VesselApp", "VesselApp.csproj", "{200FD0AB-DA61-4E0B-9630-F69C11C3ADB5}"
EndProject
Global
	GlobalSection(SolutionConfigurationPlatforms) = preSolution
		Debug|Any CPU = Debug|Any CPU
		Release|Any CPU = Release|Any CPU
	EndGlobalSection
	GlobalSection(ProjectConfigurationPlatforms) = postSolution
		{200FD0AB-DA61-4E0B-9630-F69C11C3ADB5}.Debug|Any CPU.ActiveCfg = Debug|Any CPU
		{200FD0AB-DA61-4E0B-9630-F69C11C3ADB5}.Debug|Any CPU.Build.0 = Debug|Any CPU
		{200FD0AB-DA61-4E0B-9630-F69C11C3ADB5}.Release|Any CPU.ActiveCfg = Release|Any CPU
		{200FD0AB-DA61-4E0B-9630-F69C11C3ADB5}.Release|Any CPU.Build.0 = Release|Any CPU
	EndGlobalSection
	GlobalSection(SolutionProperties) = preSolution
		HideSolutionNode = FALSE
	EndGlobalSection
	GlobalSection(ExtensibilityGlobals) = postSolution
		SolutionGuid = {B6A026A2-E44B-46E2-A4A7-E52868D94B3D}
	EndGlobalSection
EndGlobal
